<?xml version="1.0" encoding="utf-8"?>
<Project ToolsVersion="4.0" xmlns="http://schemas.microsoft.com/developer/msbuild/2003">
  <ItemGroup>
    <Filter Include="Source Files">
      <UniqueIdentifier>{a95075a9-005a-4b0b-bc99-73c30b5b7a72}</UniqueIdentifier>
      <Extensions>cpp;c;cxx;rc;def;r;odl;idl;hpj;bat</Extensions>
    </Filter>
    <Filter Include="Header Files">
      <UniqueIdentifier>{8db2f928-8cc8-460a-9b3f-f6f2d5213ffe}</UniqueIdentifier>
      <Extensions>h;hpp;hxx;hm;inl</Extensions>
    </Filter>
    <Filter Include="Resource Files">
      <UniqueIdentifier>{594d06ee-314a-4e53-9a7e-56ec163ded4a}</UniqueIdentifier>
      <Extensions>ico;cur;bmp;dlg;rc2;rct;bin;rgs;gif;jpg;jpeg;jpe</Extensions>
    </Filter>
  </ItemGroup>
  <ItemGroup>
    <ClCompile Include="com_download.cpp">
      <Filter>Source Files</Filter>
    </ClCompile>
    <ClCompile Include="hex2ram.cpp">
      <Filter>Source Files</Filter>
    </ClCompile>
    <ClCompile Include="main.cpp">
      <Filter>Source Files</Filter>
    </ClCompile>
  </ItemGroup>
  <ItemGroup>
    <ClInclude Include="com_download.h">
      <Filter>Header Files</Filter>
    </ClInclude>
    <ClInclude Include="hex2ram.h">
      <Filter>Header Files</Filter>
    </ClInclude>
  </ItemGroup>
</Project>